
Microsoft Visual Studio Solution File, Format Version 12.00
# Visual Studio Version 16
VisualStudioVersion = 16.0.30611.23
MinimumVisualStudioVersion = 10.0.40219.1
Project("{8BC9CEB8-8B4A-11D0-8D11-00A0C91BC942}") = "6.4Recurs", "6.4Recurs\6.4Recurs.vcxproj", "{4201CAE8-CC57-45AC-B060-2A011F6A97B8}"
EndProject
Global
	GlobalSection(SolutionConfigurationPlatforms) = preSolution
		Debug|x64 = Debug|x64
		Debug|x86 = Debug|x86
		Release|x64 = Release|x64
		Release|x86 = Release|x86
	EndGlobalSection
	GlobalSection(ProjectConfigurationPlatforms) = postSolution
		{4201CAE8-CC57-45AC-B060-2A011F6A97B8}.Debug|x64.ActiveCfg = Debug|x64
		{4201CAE8-CC57-45AC-B060-2A011F6A97B8}.Debug|x64.Build.0 = Debug|x64
		{4201CAE8-CC57-45AC-B060-2A011F6A97B8}.Debug|x86.ActiveCfg = Debug|Win32
		{4201CAE8-CC57-45AC-B060-2A011F6A97B8}.Debug|x86.Build.0 = Debug|Win32
		{4201CAE8-CC57-45AC-B060-2A011F6A97B8}.Release|x64.ActiveCfg = Release|x64
		{4201CAE8-CC57-45AC-B060-2A011F6A97B8}.Release|x64.Build.0 = Release|x64
		{4201CAE8-CC57-45AC-B060-2A011F6A97B8}.Release|x86.ActiveCfg = Release|Win32
		{4201CAE8-CC57-45AC-B060-2A011F6A97B8}.Release|x86.Build.0 = Release|Win32
	EndGlobalSection
	GlobalSection(SolutionProperties) = preSolution
		HideSolutionNode = FALSE
	EndGlobalSection
	GlobalSection(ExtensibilityGlobals) = postSolution
		SolutionGuid = {BE25CC3B-C8BC-4D17-A9EC-D876B05697B6}
	EndGlobalSection
EndGlobal
